
Microsoft Visual Studio Solution File, Format Version 12.00
# Visual Studio Version 16
VisualStudioVersion = 16.0.31112.23
MinimumVisualStudioVersion = 10.0.40219.1
Project("{FAE04EC0-301F-11D3-BF4B-00C04F79EFBC}") = "Assignement4", "Assignement4\Assignement4.csproj", "{074EBD09-60FD-4064-9CE9-E7B67B0AC0C5}"
EndProject
Global
	GlobalSection(SolutionConfigurationPlatforms) = preSolution
		Debug|Any CPU = Debug|Any CPU
		Release|Any CPU = Release|Any CPU
	EndGlobalSection
	GlobalSection(ProjectConfigurationPlatforms) = postSolution
		{074EBD09-60FD-4064-9CE9-E7B67B0AC0C5}.Debug|Any CPU.ActiveCfg = Debug|Any CPU
		{074EBD09-60FD-4064-9CE9-E7B67B0AC0C5}.Debug|Any CPU.Build.0 = Debug|Any CPU
		{074EBD09-60FD-4064-9CE9-E7B67B0AC0C5}.Release|Any CPU.ActiveCfg = Release|Any CPU
		{074EBD09-60FD-4064-9CE9-E7B67B0AC0C5}.Release|Any CPU.Build.0 = Release|Any CPU
	EndGlobalSection
	GlobalSection(SolutionProperties) = preSolution
		HideSolutionNode = FALSE
	EndGlobalSection
	GlobalSection(ExtensibilityGlobals) = postSolution
		SolutionGuid = {CB4F99E3-DBED-4B8F-923B-16E23FCAF0CF}
	EndGlobalSection
EndGlobal
